
Microsoft Visual Studio Solution File, Format Version 12.00
Project("{FAE04EC0-301F-11D3-BF4B-00C04F79EFBC}") = "KEEK.Trainer", "KEEK.Trainer\KEEK.Trainer.csproj", "{E69D4985-154C-407E-B514-D2AAABFE872C}"
EndProject
Global
	GlobalSection(SolutionConfigurationPlatforms) = preSolution
		Debug|Any CPU = Debug|Any CPU
		Release|Any CPU = Release|Any CPU
	EndGlobalSection
	GlobalSection(ProjectConfigurationPlatforms) = postSolution
		{E69D4985-154C-407E-B514-D2AAABFE872C}.Debug|Any CPU.ActiveCfg = Debug|Any CPU
		{E69D4985-154C-407E-B514-D2AAABFE872C}.Debug|Any CPU.Build.0 = Debug|Any CPU
		{E69D4985-154C-407E-B514-D2AAABFE872C}.Release|Any CPU.ActiveCfg = Release|Any CPU
		{E69D4985-154C-407E-B514-D2AAABFE872C}.Release|Any CPU.Build.0 = Release|Any CPU
	EndGlobalSection
EndGlobal
